{
  "name": "content-forge-monorepo",
  "lockfileVersion": 3,
  "requires": true,
  "packages": {
    "": {
      "name": "content-forge-monorepo",
      "workspaces": [
        "apps/*",
        "packages/*"
      ]
    },
    "apps/api": {
      "name": "content-forge-api",
      "version": "0.3.4",
      "devDependencies": {}
    },
    "apps/cli": {
      "name": "content-forge-cli",
      "version": "0.3.4",
      "devDependencies": {}
    },
    "apps/web": {
      "name": "content-forge-web",
      "version": "0.3.4",
      "devDependencies": {}
    },
    "node_modules/@content-forge/config": {
      "resolved": "packages/config",
      "link": true
    },
    "node_modules/@content-forge/contracts": {
      "resolved": "packages/contracts",
      "link": true
    },
    "node_modules/content-forge-api": {
      "resolved": "apps/api",
      "link": true
    },
    "node_modules/content-forge-cli": {
      "resolved": "apps/cli",
      "link": true
    },
    "node_modules/content-forge-core": {
      "resolved": "packages/core",
      "link": true
    },
    "node_modules/content-forge-web": {
      "resolved": "apps/web",
      "link": true
    },
    "node_modules/dotenv": {
      "version": "16.6.1",
      "resolved": "https://registry.npmjs.org/dotenv/-/dotenv-16.6.1.tgz",
      "integrity": "sha512-uBq4egWHTcTt33a72vpSG0z3HnPuIl6NqYcTrKEg2azoEyl2hpW0zqlxysq2pK9HlDIHyHyakeYaYnSAwd8bow==",
      "license": "BSD-2-Clause",
      "engines": {
        "node": ">=12"
      },
      "funding": {
        "url": "https://dotenvx.com"
      }
    },
    "node_modules/zod": {
      "version": "3.25.76",
      "resolved": "https://registry.npmjs.org/zod/-/zod-3.25.76.tgz",
      "integrity": "sha512-gzUt/qt81nXsFGKIFcC3YnfEAx5NkunCfnDlvuBSSFS02bcXu4Lmea0AFIUwbLWxWPx3d9p8S5QoaujKcNQxcQ==",
      "license": "MIT",
      "funding": {
        "url": "https://github.com/sponsors/colinhacks"
      }
    },
    "packages/config": {
      "name": "@content-forge/config",
      "version": "0.3.1",
      "dependencies": {
        "dotenv": "^16.4.5",
        "zod": "^3.23.8"
      }
    },
    "packages/contracts": {
      "name": "@content-forge/contracts",
      "version": "0.3.1"
    },
    "packages/core": {
      "name": "content-forge-core",
      "version": "0.3.4",
      "devDependencies": {}
    }
  }
}
